<?xml version="1.0" encoding="utf-8"?>
<Project ToolsVersion="4.0" xmlns="http://schemas.microsoft.com/developer/msbuild/2003">
  <ItemGroup>
    <Filter Include="Resource Files">
      <UniqueIdentifier>{67DA6AB6-F800-4c08-8B7A-83BB121AAD01}</UniqueIdentifier>
      <Extensions>rc;ico;cur;bmp;dlg;rc2;rct;bin;rgs;gif;jpg;jpeg;jpe;resx;tiff;tif;png;wav;mfcribbon-ms</Extensions>
    </Filter>
    <Filter Include="Library">
      <UniqueIdentifier>{93995380-89BD-4b04-88EB-625FBE52EBFB}</UniqueIdentifier>
      <Extensions>h;hh;hpp;hxx;hm;inl;inc;xsd</Extensions>
    </Filter>
    <Filter Include="Items">
      <UniqueIdentifier>{979e47d7-a050-4dad-9b9c-3961de0c28ca}</UniqueIdentifier>
    </Filter>
    <Filter Include="Menus">
      <UniqueIdentifier>{4FC737F1-C7A5-4376-A066-2A32D752A2FF}</UniqueIdentifier>
      <Extensions>cpp;c;cc;cxx;def;odl;idl;hpj;bat;asm;asmx</Extensions>
    </Filter>
    <Filter Include="Windows">
      <UniqueIdentifier>{086b2248-277e-47f0-a9e3-12da9afede6d}</UniqueIdentifier>
    </Filter>
    <Filter Include="Manager">
      <UniqueIdentifier>{aab1a6a2-fc46-4417-849f-05929b27a6dc}</UniqueIdentifier>
    </Filter>
  </ItemGroup>
  <ItemGroup>
    <ClInclude Include="stdafx.h">
      <Filter>Library</Filter>
    </ClInclude>
    <ClInclude Include="targetver.h">
      <Filter>Library</Filter>
    </ClInclude>
    <ClInclude Include="..\include\MenuManager.h">
      <Filter>Manager</Filter>
    </ClInclude>
    <ClInclude Include="..\include\MenuWindow.h">
      <Filter>Windows</Filter>
    </ClInclude>
    <ClInclude Include="..\include\ImageItem.h">
      <Filter>Items</Filter>
    </ClInclude>
    <ClInclude Include="..\include\AddItem.h">
      <Filter>Items</Filter>
    </ClInclude>
    <ClInclude Include="..\include\MenuItem.h">
      <Filter>Items</Filter>
    </ClInclude>
    <ClInclude Include="..\include\Menu.h">
      <Filter>Menus</Filter>
    </ClInclude>
    <ClInclude Include="..\include\ExampleWindow.h">
      <Filter>Windows</Filter>
    </ClInclude>
    <ClInclude Include="Block_Menu.h" />
  </ItemGroup>
  <ItemGroup>
    <ClCompile Include="Block_Menu.cpp">
      <Filter>Library</Filter>
    </ClCompile>
    <ClCompile Include="dllmain.cpp">
      <Filter>Library</Filter>
    </ClCompile>
    <ClCompile Include="stdafx.cpp">
      <Filter>Library</Filter>
    </ClCompile>
    <ClCompile Include="..\include\MenuManager.cpp">
      <Filter>Manager</Filter>
    </ClCompile>
    <ClCompile Include="..\include\Windows\MenuWindow.cpp">
      <Filter>Windows</Filter>
    </ClCompile>
    <ClCompile Include="..\include\Windows\ExampleWindow.cpp">
      <Filter>Windows</Filter>
    </ClCompile>
    <ClCompile Include="..\include\Menus\Menu.cpp">
      <Filter>Menus</Filter>
    </ClCompile>
    <ClCompile Include="..\include\MenuItems\ImageItem.cpp">
      <Filter>Items</Filter>
    </ClCompile>
    <ClCompile Include="..\include\MenuItems\MenuItem.cpp">
      <Filter>Items</Filter>
    </ClCompile>
    <ClCompile Include="..\include\MenuItems\AddItem.cpp">
      <Filter>Items</Filter>
    </ClCompile>
  </ItemGroup>
</Project>